// !$*UTF8*$!
{
	archiveVersion = 1;
	classes = {
	};
	objectVersion = 50;
	objects = {

/* Begin PBXBuildFile section */
		BE37E9BB2153C09A00D3DAEE /* AppDelegate.swift in Sources */ = {isa = PBXBuildFile; fileRef = BE37E9BA2153C09A00D3DAEE /* AppDelegate.swift */; };
		BE37E9BD2153C09A00D3DAEE /* ViewController.swift in Sources */ = {isa = PBXBuildFile; fileRef = BE37E9BC2153C09A00D3DAEE /* ViewController.swift */; };
		BE37E9C02153C09A00D3DAEE /* Main.storyboard in Resources */ = {isa = PBXBuildFile; fileRef = BE37E9BE2153C09A00D3DAEE /* Main.storyboard */; };
		BE37E9C22153C09B00D3DAEE /* Assets.xcassets in Resources */ = {isa = PBXBuildFile; fileRef = BE37E9C12153C09B00D3DAEE /* Assets.xcassets */; };
		BE37E9C52153C09B00D3DAEE /* LaunchScreen.storyboard in Resources */ = {isa = PBXBuildFile; fileRef = BE37E9C32153C09B00D3DAEE /* LaunchScreen.storyboard */; };
		BE37E9CD2153E67200D3DAEE /* BitCoinViewController.swift in Sources */ = {isa = PBXBuildFile; fileRef = BE37E9CC2153E67200D3DAEE /* BitCoinViewController.swift */; };
/* End PBXBuildFile section */

/* Begin PBXFileReference section */
		BE37E9B72153C09A00D3DAEE /* HTTPS.app */ = {isa = PBXFileReference; explicitFileType = wrapper.application; includeInIndex = 0; path = HTTPS.app; sourceTree = BUILT_PRODUCTS_DIR; };
		BE37E9BA2153C09A00D3DAEE /* AppDelegate.swift */ = {isa = PBXFileReference; lastKnownFileType = sourcecode.swift; path = AppDelegate.swift; sourceTree = "<group>"; };
		BE37E9BC2153C09A00D3DAEE /* ViewController.swift */ = {isa = PBXFileReference; lastKnownFileType = sourcecode.swift; path = ViewController.swift; sourceTree = "<group>"; };
		BE37E9BF2153C09A00D3DAEE /* Base */ = {isa = PBXFileReference; lastKnownFileType = file.storyboard; name = Base; path = Base.lproj/Main.storyboard; sourceTree = "<group>"; };
		BE37E9C12153C09B00D3DAEE /* Assets.xcassets */ = {isa = PBXFileReference; lastKnownFileType = folder.assetcatalog; path = Assets.xcassets; sourceTree = "<group>"; };
		BE37E9C42153C09B00D3DAEE /* Base */ = {isa = PBXFileReference; lastKnownFileType = file.storyboard; name = Base; path = Base.lproj/LaunchScreen.storyboard; sourceTree = "<group>"; };
		BE37E9C62153C09B00D3DAEE /* Info.plist */ = {isa = PBXFileReference; lastKnownFileType = text.plist.xml; path = Info.plist; sourceTree = "<group>"; };
		BE37E9CC2153E67200D3DAEE /* BitCoinViewController.swift */ = {isa = PBXFileReference; lastKnownFileType = sourcecode.swift; path = BitCoinViewController.swift; sourceTree = "<group>"; };
/* End PBXFileReference section */

/* Begin PBXFrameworksBuildPhase section */
		BE37E9B42153C09A00D3DAEE /* Frameworks */ = {
			isa = PBXFrameworksBuildPhase;
			buildActionMask = 2147483647;
			files = (
			);
			runOnlyForDeploymentPostprocessing = 0;
		};
/* End PBXFrameworksBuildPhase section */

/* Begin PBXGroup section */
		BE37E9AE2153C09A00D3DAEE = {
			isa = PBXGroup;
			children = (
				BE37E9B92153C09A00D3DAEE /* HTTPS */,
				BE37E9B82153C09A00D3DAEE /* Products */,
			);
			sourceTree = "<group>";
		};
		BE37E9B82153C09A00D3DAEE /* Products */ = {
			isa = PBXGroup;
			children = (
				BE37E9B72153C09A00D3DAEE /* HTTPS.app */,
			);
			name = Products;
			sourceTree = "<group>";
		};
		BE37E9B92153C09A00D3DAEE /* HTTPS */ = {
			isa = PBXGroup;
			children = (
				BE37E9BA2153C09A00D3DAEE /* AppDelegate.swift */,
				BE37E9BC2153C09A00D3DAEE /* ViewController.swift */,
				BE37E9BE2153C09A00D3DAEE /* Main.storyboard */,
				BE37E9CC2153E67200D3DAEE /* BitCoinViewController.swift */,
				BE37E9C12153C09B00D3DAEE /* Assets.xcassets */,
				BE37E9C32153C09B00D3DAEE /* LaunchScreen.storyboard */,
				BE37E9C62153C09B00D3DAEE /* Info.plist */,
			);
			path = HTTPS;
			sourceTree = "<group>";
		};
/* End PBXGroup section */

/* Begin PBXNativeTarget section */
		BE37E9B62153C09A00D3DAEE /* HTTPS */ = {
			isa = PBXNativeTarget;
			buildConfigurationList = BE37E9C92153C09B00D3DAEE /* Build configuration list for PBXNativeTarget "HTTPS" */;
			buildPhases = (
				BE37E9B32153C09A00D3DAEE /* Sources */,
				BE37E9B42153C09A00D3DAEE /* Frameworks */,
				BE37E9B52153C09A00D3DAEE /* Resources */,
			);
			buildRules = (
			);
			dependencies = (
			);
			name = HTTPS;
			productName = HTTPS;
			productReference = BE37E9B72153C09A00D3DAEE /* HTTPS.app */;
			productType = "com.apple.product-type.application";
		};
/* End PBXNativeTarget section */

/* Begin PBXProject section */
		BE37E9AF2153C09A00D3DAEE /* Project object */ = {
			isa = PBXProject;
			attributes = {
				LastSwiftUpdateCheck = 0940;
				LastUpgradeCheck = 0940;
				ORGANIZATIONNAME = "Ada 2018";
				TargetAttributes = {
					BE37E9B62153C09A00D3DAEE = {
						CreatedOnToolsVersion = 9.4.1;
					};
				};
			};
			buildConfigurationList = BE37E9B22153C09A00D3DAEE /* Build configuration list for PBXProject "HTTPS" */;
			compatibilityVersion = "Xcode 9.3";
			developmentRegion = en;
			hasScannedForEncodings = 0;
			knownRegions = (
				en,
				Base,
			);
			mainGroup = BE37E9AE2153C09A00D3DAEE;
			productRefGroup = BE37E9B82153C09A00D3DAEE /* Products */;
			projectDirPath = "";
			projectRoot = "";
			targets = (
				BE37E9B62153C09A00D3DAEE /* HTTPS */,
			);
		};
/* End PBXProject section */

/* Begin PBXResourcesBuildPhase section */
		BE37E9B52153C09A00D3DAEE /* Resources */ = {
			isa = PBXResourcesBuildPhase;
			buildActionMask = 2147483647;
			files = (
				BE37E9C52153C09B00D3DAEE /* LaunchScreen.storyboard in Resources */,
				BE37E9C22153C09B00D3DAEE /* Assets.xcassets in Resources */,
				BE37E9C02153C09A00D3DAEE /* Main.storyboard in Resources */,
			);
			runOnlyForDeploymentPostprocessing = 0;
		};
/* End PBXResourcesBuildPhase section */

/* Begin PBXSourcesBuildPhase section */
		BE37E9B32153C09A00D3DAEE /* Sources */ = {
			isa = PBXSourcesBuildPhase;
			buildActionMask = 2147483647;
			files = (
				BE37E9BD2153C09A00D3DAEE /* ViewController.swift in Sources */,
				BE37E9BB2153C09A00D3DAEE /* AppDelegate.swift in Sources */,
				BE37E9CD2153E67200D3DAEE /* BitCoinViewController.swift in Sources */,
			);
			runOnlyForDeploymentPostprocessing = 0;
		};
/* End PBXSourcesBuildPhase section */

/* Begin PBXVariantGroup section */
		BE37E9BE2153C09A00D3DAEE /* Main.storyboard */ = {
			isa = PBXVariantGroup;
			children = (
				BE37E9BF2153C09A00D3DAEE /* Base */,
			);
			name = Main.storyboard;
			sourceTree = "<group>";
		};
		BE37E9C32153C09B00D3DAEE /* LaunchScreen.storyboard */ = {
			isa = PBXVariantGroup;
			children = (
				BE37E9C42153C09B00D3DAEE /* Base */,
			);
			name = LaunchScreen.storyboard;
			sourceTree = "<group>";
		};
/* End PBXVariantGroup section */

/* Begin XCBuildConfiguration section */
		BE37E9C72153C09B00D3DAEE /* Debug */ = {
			isa = XCBuildConfiguration;
			buildSettings = {
				ALWAYS_SEARCH_USER_PATHS = NO;
				CLANG_ANALYZER_NONNULL = YES;
				CLANG_ANALYZER_NUMBER_OBJECT_CONVERSION = YES_AGGRESSIVE;
				CLANG_CXX_LANGUAGE_STANDARD = "gnu++14";
				CLANG_CXX_LIBRARY = "libc++";
				CLANG_ENABLE_MODULES = YES;
				CLANG_ENABLE_OBJC_ARC = YES;
				CLANG_ENABLE_OBJC_WEAK = YES;
				CLANG_WARN_BLOCK_CAPTURE_AUTORELEASING = YES;
				CLANG_WARN_BOOL_CONVERSION = YES;
				CLANG_WARN_COMMA = YES;
				CLANG_WARN_CONSTANT_CONVERSION = YES;
				CLANG_WARN_DEPRECATED_OBJC_IMPLEMENTATIONS = YES;
				CLANG_WARN_DIRECT_OBJC_ISA_USAGE = YES_ERROR;
				CLANG_WARN_DOCUMENTATION_COMMENTS = YES;
				CLANG_WARN_EMPTY_BODY = YES;
				CLANG_WARN_ENUM_CONVERSION = YES;
				CLANG_WARN_INFINITE_RECURSION = YES;
				CLANG_WARN_INT_CONVERSION = YES;
				CLANG_WARN_NON_LITERAL_NULL_CONVERSION = YES;
				CLANG_WARN_OBJC_IMPLICIT_RETAIN_SELF = YES;
				CLANG_WARN_OBJC_LITERAL_CONVERSION = YES;
				CLANG_WARN_OBJC_ROOT_CLASS = YES_ERROR;
				CLANG_WARN_RANGE_LOOP_ANALYSIS = YES;
				CLANG_WARN_STRICT_PROTOTYPES = YES;
				CLANG_WARN_SUSPICIOUS_MOVE = YES;
				CLANG_WARN_UNGUARDED_AVAILABILITY = YES_AGGRESSIVE;
				CLANG_WARN_UNREACHABLE_CODE = YES;
				CLANG_WARN__DUPLICATE_METHOD_MATCH = YES;
				CODE_SIGN_IDENTITY = "iPhone Developer";
				COPY_PHASE_STRIP = NO;
				DEBUG_INFORMATION_FORMAT = dwarf;
				ENABLE_STRICT_OBJC_MSGSEND = YES;
				ENABLE_TESTABILITY = YES;
				GCC_C_LANGUAGE_STANDARD = gnu11;
				GCC_DYNAMIC_NO_PIC = NO;
				GCC_NO_COMMON_BLOCKS = YES;
				GCC_OPTIMIZATION_LEVEL = 0;
				GCC_PREPROCESSOR_DEFINITIONS = (
					"DEBUG=1",
					"$(inherited)",
				);
				GCC_WARN_64_TO_32_BIT_CONVERSION = YES;
				GCC_WARN_ABOUT_RETURN_TYPE = YES_ERROR;
				GCC_WARN_UNDECLARED_SELECTOR = YES;
				GCC_WARN_UNINITIALIZED_AUTOS = YES_AGGRESSIVE;
				GCC_WARN_UNUSED_FUNCTION = YES;
				GCC_WARN_UNUSED_VARIABLE = YES;
				IPHONEOS_DEPLOYMENT_TARGET = 11.4;
				MTL_ENABLE_DEBUG_INFO = YES;
				ONLY_ACTIVE_ARCH = YES;
				SDKROOT = iphoneos;
				SWIFT_ACTIVE_COMPILATION_CONDITIONS = DEBUG;
				SWIFT_OPTIMIZATION_LEVEL = "-Onone";
			};
			name = Debug;
		};
		BE37E9C82153C09B00D3DAEE /* Release */ = {
			isa = XCBuildConfiguration;
			buildSettings = {
				ALWAYS_SEARCH_USER_PATHS = NO;
				CLANG_ANALYZER_NONNULL = YES;
				CLANG_ANALYZER_NUMBER_OBJECT_CONVERSION = YES_AGGRESSIVE;
				CLANG_CXX_LANGUAGE_STANDARD = "gnu++14";
				CLANG_CXX_LIBRARY = "libc++";
				CLANG_ENABLE_MODULES = YES;
				CLANG_ENABLE_OBJC_ARC = YES;
				CLANG_ENABLE_OBJC_WEAK = YES;
				CLANG_WARN_BLOCK_CAPTURE_AUTORELEASING = YES;
				CLANG_WARN_BOOL_CONVERSION = YES;
				CLANG_WARN_COMMA = YES;
				CLANG_WARN_CONSTANT_CONVERSION = YES;
				CLANG_WARN_DEPRECATED_OBJC_IMPLEMENTATIONS = YES;
				CLANG_WARN_DIRECT_OBJC_ISA_USAGE = YES_ERROR;
				CLANG_WARN_DOCUMENTATION_COMMENTS = YES;
				CLANG_WARN_EMPTY_BODY = YES;
				CLANG_WARN_ENUM_CONVERSION = YES;
				CLANG_WARN_INFINITE_RECURSION = YES;
				CLANG_WARN_INT_CONVERSION = YES;
				CLANG_WARN_NON_LITERAL_NULL_CONVERSION = YES;
				CLANG_WARN_OBJC_IMPLICIT_RETAIN_SELF = YES;
				CLANG_WARN_OBJC_LITERAL_CONVERSION = YES;
				CLANG_WARN_OBJC_ROOT_CLASS = YES_ERROR;
				CLANG_WARN_RANGE_LOOP_ANALYSIS = YES;
				CLANG_WARN_STRICT_PROTOTYPES = YES;
				CLANG_WARN_SUSPICIOUS_MOVE = YES;
				CLANG_WARN_UNGUARDED_AVAILABILITY = YES_AGGRESSIVE;
				CLANG_WARN_UNREACHABLE_CODE = YES;
				CLANG_WARN__DUPLICATE_METHOD_MATCH = YES;
				CODE_SIGN_IDENTITY = "iPhone Developer";
				COPY_PHASE_STRIP = NO;
				DEBUG_INFORMATION_FORMAT = "dwarf-with-dsym";
				ENABLE_NS_ASSERTIONS = NO;
				ENABLE_STRICT_OBJC_MSGSEND = YES;
				GCC_C_LANGUAGE_STANDARD = gnu11;
				GCC_NO_COMMON_BLOCKS = YES;
				GCC_WARN_64_TO_32_BIT_CONVERSION = YES;
				GCC_WARN_ABOUT_RETURN_TYPE = YES_ERROR;
				GCC_WARN_UNDECLARED_SELECTOR = YES;
				GCC_WARN_UNINITIALIZED_AUTOS = YES_AGGRESSIVE;
				GCC_WARN_UNUSED_FUNCTION = YES;
				GCC_WARN_UNUSED_VARIABLE = YES;
				IPHONEOS_DEPLOYMENT_TARGET = 11.4;
				MTL_ENABLE_DEBUG_INFO = NO;
				SDKROOT = iphoneos;
				SWIFT_COMPILATION_MODE = wholemodule;
				SWIFT_OPTIMIZATION_LEVEL = "-O";
				VALIDATE_PRODUCT = YES;
			};
			name = Release;
		};
		BE37E9CA2153C09B00D3DAEE /* Debug */ = {
			isa = XCBuildConfiguration;
			buildSettings = {
				ASSETCATALOG_COMPILER_APPICON_NAME = AppIcon;
				CODE_SIGN_STYLE = Automatic;
				DEVELOPMENT_TEAM = V9TV25TFN7;
				INFOPLIST_FILE = HTTPS/Info.plist;
				LD_RUNPATH_SEARCH_PATHS = (
					"$(inherited)",
					"@executable_path/Frameworks",
				);
				PRODUCT_BUNDLE_IDENTIFIER = br.com.academy.HTTPS;
				PRODUCT_NAME = "$(TARGET_NAME)";
				SWIFT_VERSION = 4.0;
				TARGETED_DEVICE_FAMILY = "1,2";
			};
			name = Debug;
		};
		BE37E9CB2153C09B00D3DAEE /* Release */ = {
			isa = XCBuildConfiguration;
			buildSettings = {
				ASSETCATALOG_COMPILER_APPICON_NAME = AppIcon;
				CODE_SIGN_STYLE = Automatic;
				DEVELOPMENT_TEAM = V9TV25TFN7;
				INFOPLIST_FILE = HTTPS/Info.plist;
				LD_RUNPATH_SEARCH_PATHS = (
					"$(inherited)",
					"@executable_path/Frameworks",
				);
				PRODUCT_BUNDLE_IDENTIFIER = br.com.academy.HTTPS;
				PRODUCT_NAME = "$(TARGET_NAME)";
				SWIFT_VERSION = 4.0;
				TARGETED_DEVICE_FAMILY = "1,2";
			};
			name = Release;
		};
/* End XCBuildConfiguration section */

/* Begin XCConfigurationList section */
		BE37E9B22153C09A00D3DAEE /* Build configuration list for PBXProject "HTTPS" */ = {
			isa = XCConfigurationList;
			buildConfigurations = (
				BE37E9C72153C09B00D3DAEE /* Debug */,
				BE37E9C82153C09B00D3DAEE /* Release */,
			);
			defaultConfigurationIsVisible = 0;
			defaultConfigurationName = Release;
		};
		BE37E9C92153C09B00D3DAEE /* Build configuration list for PBXNativeTarget "HTTPS" */ = {
			isa = XCConfigurationList;
			buildConfigurations = (
				BE37E9CA2153C09B00D3DAEE /* Debug */,
				BE37E9CB2153C09B00D3DAEE /* Release */,
			);
			defaultConfigurationIsVisible = 0;
			defaultConfigurationName = Release;
		};
/* End XCConfigurationList section */
	};
	rootObject = BE37E9AF2153C09A00D3DAEE /* Project object */;
}
